{
  "version": 4,
  "terraform_version": "1.2.3",
  "serial": 95,
  "lineage": "e12fefd0-b20d-c185-afce-8ae6b28b5d04",
  "outputs": {},
  "resources": [
    {
      "module": "module.vpc",
      "mode": "managed",
      "type": "aws_vpc",
      "name": "this",
      "provider": "provider[\"registry.terraform.io/hashicorp/aws\"]",
      "instances": [
        {
          "index_key": 0,
          "schema_version": 1,
          "attributes": {
            "arn": "arn:aws:ec2:eu-central-1:392333865822:vpc/vpc-0f255d3d906d230ae",
            "assign_generated_ipv6_cidr_block": false,
            "cidr_block": "10.0.0.0/20",
            "default_network_acl_id": "acl-0d7c0d1b64f2e7665",
            "default_route_table_id": "rtb-08f2134ce2e1bfbd8",
            "default_security_group_id": "sg-0c09c7e919733b105",
            "dhcp_options_id": "dopt-060f9902087f101d5",
            "enable_classiclink": false,
            "enable_classiclink_dns_support": false,
            "enable_dns_hostnames": false,
            "enable_dns_support": true,
            "id": "vpc-0f255d3d906d230ae",
            "instance_tenancy": "default",
            "ipv4_ipam_pool_id": null,
            "ipv4_netmask_length": null,
            "ipv6_association_id": "",
            "ipv6_cidr_block": "",
            "ipv6_cidr_block_network_border_group": "",
            "ipv6_ipam_pool_id": "",
            "ipv6_netmask_length": 0,
            "main_route_table_id": "rtb-08f2134ce2e1bfbd8",
            "owner_id": "392333865822",
            "tags": {
              "Name": "helecloud"
            },
            "tags_all": {
              "Name": "helecloud"
            }
          },
          "sensitive_attributes": [],
          "private": "eyJzY2hlbWFfdmVyc2lvbiI6IjEifQ=="
        }
      ]
    }
  ]
}
